
Microsoft Visual Studio Solution File, Format Version 12.00
# Visual Studio 15
Project("{FAE04EC0-301F-11D3-BF4B-00C04F79EFBC}") = "Assembly-CSharp-Editor", "Assembly-CSharp-Editor.csproj", "{78FD4E28-284D-D147-440F-47EB6B62919E}"
EndProject
Project("{FAE04EC0-301F-11D3-BF4B-00C04F79EFBC}") = "Assembly-CSharp", "Assembly-CSharp.csproj", "{A9B0D9A6-DB87-327A-199A-56A06A6E6F9A}"
EndProject
Global
	GlobalSection(SolutionConfigurationPlatforms) = preSolution
		Debug|Any CPU = Debug|Any CPU
		Release|Any CPU = Release|Any CPU
	EndGlobalSection
	GlobalSection(ProjectConfigurationPlatforms) = postSolution
		{78FD4E28-284D-D147-440F-47EB6B62919E}.Debug|Any CPU.ActiveCfg = Debug|Any CPU
		{78FD4E28-284D-D147-440F-47EB6B62919E}.Debug|Any CPU.Build.0 = Debug|Any CPU
		{78FD4E28-284D-D147-440F-47EB6B62919E}.Release|Any CPU.ActiveCfg = Release|Any CPU
		{78FD4E28-284D-D147-440F-47EB6B62919E}.Release|Any CPU.Build.0 = Release|Any CPU
		{A9B0D9A6-DB87-327A-199A-56A06A6E6F9A}.Debug|Any CPU.ActiveCfg = Debug|Any CPU
		{A9B0D9A6-DB87-327A-199A-56A06A6E6F9A}.Debug|Any CPU.Build.0 = Debug|Any CPU
		{A9B0D9A6-DB87-327A-199A-56A06A6E6F9A}.Release|Any CPU.ActiveCfg = Release|Any CPU
		{A9B0D9A6-DB87-327A-199A-56A06A6E6F9A}.Release|Any CPU.Build.0 = Release|Any CPU
	EndGlobalSection
	GlobalSection(SolutionProperties) = preSolution
		HideSolutionNode = FALSE
	EndGlobalSection
EndGlobal
