
Microsoft Visual Studio Solution File, Format Version 11.00
# Visual Studio 2010
Project("{FAE04EC0-301F-11D3-BF4B-00C04F79EFBC}") = "Assembly-CSharp-Editor", "Assembly-CSharp-Editor.csproj", "{284efd78-4d28-47d1-440f-47eb6b62919e}"
EndProject
Project("{FAE04EC0-301F-11D3-BF4B-00C04F79EFBC}") = "Assembly-CSharp", "Assembly-CSharp.csproj", "{a6d9b0a9-87db-7a32-199a-56a06a6e6f9a}"
EndProject
Global
	GlobalSection(SolutionConfigurationPlatforms) = preSolution
		Debug|Any CPU = Debug|Any CPU
	EndGlobalSection
	GlobalSection(ProjectConfigurationPlatforms) = postSolution
		{284efd78-4d28-47d1-440f-47eb6b62919e}.Debug|Any CPU.ActiveCfg = Debug|Any CPU
		{284efd78-4d28-47d1-440f-47eb6b62919e}.Debug|Any CPU.Build.0 = Debug|Any CPU
		{a6d9b0a9-87db-7a32-199a-56a06a6e6f9a}.Debug|Any CPU.ActiveCfg = Debug|Any CPU
		{a6d9b0a9-87db-7a32-199a-56a06a6e6f9a}.Debug|Any CPU.Build.0 = Debug|Any CPU
	EndGlobalSection
	GlobalSection(SolutionProperties) = preSolution
		HideSolutionNode = FALSE
	EndGlobalSection
EndGlobal
